version = 1
revision = 3
requires-python = ">=3.11"

[[package]]
name = "libr-hanqing"
version = "0.1.0"
source = { editable = "." }

[package.optional-dependencies]
pdf = [
    { name = "pypdf" },
]

[package.metadata]
requires-dist = [{ name = "pypdf", marker = "extra == 'pdf'", specifier = "==6.19.0" }]
provides-extras = ["pdf"]

[[package]]
name = "pypdf"
version = "6.19.0"
source = { registry = "https://pypi.org/simple" }
sdist = { url = "https://files.pythonhosted.org/packages/1f/ac/63d71aaedb59acbcdef491e6ca6469165e3771c9c74358204818fd9bc5a6/pypdf-6.19.0.tar.gz", hash = "sha256:bbc43aca292369ccc6cbc8a921991ecf2538a3587ab5a116eff06c321d647155", size = 7033266 }
wheels = [
    { url = "https://files.pythonhosted.org/packages/3c/2c/c43c03eaf630435f023f1dc61ec4a4a78951ad5530a62c71cc89bde307b7/pypdf-6.19.0-py3-none-any.whl", hash = "sha256:7e5d6e730e7dae87d560a2cee218b852f6498c8be61966f3cd02ead971e48d14", size = 395480 },
]
